
Microsoft Visual Studio Solution File, Format Version 12.00
# Visual Studio Version 17
VisualStudioVersion = 17.11.35312.102
MinimumVisualStudioVersion = 10.0.40219.1
Project("{FAE04EC0-301F-11D3-BF4B-00C04F79EFBC}") = "CalculatorToHH", "CalculatorToHH\CalculatorToHH.csproj", "{7240A51A-A6BB-4AFF-BCC6-DAA531F639EE}"
EndProject
Global
	GlobalSection(SolutionConfigurationPlatforms) = preSolution
		Debug|Any CPU = Debug|Any CPU
		Release|Any CPU = Release|Any CPU
	EndGlobalSection
	GlobalSection(ProjectConfigurationPlatforms) = postSolution
		{7240A51A-A6BB-4AFF-BCC6-DAA531F639EE}.Debug|Any CPU.ActiveCfg = Debug|Any CPU
		{7240A51A-A6BB-4AFF-BCC6-DAA531F639EE}.Debug|Any CPU.Build.0 = Debug|Any CPU
		{7240A51A-A6BB-4AFF-BCC6-DAA531F639EE}.Release|Any CPU.ActiveCfg = Release|Any CPU
		{7240A51A-A6BB-4AFF-BCC6-DAA531F639EE}.Release|Any CPU.Build.0 = Release|Any CPU
	EndGlobalSection
	GlobalSection(SolutionProperties) = preSolution
		HideSolutionNode = FALSE
	EndGlobalSection
	GlobalSection(ExtensibilityGlobals) = postSolution
		SolutionGuid = {0C581426-6A60-451D-94B4-35A1E5E15EEA}
	EndGlobalSection
EndGlobal
